
Microsoft Visual Studio Solution File, Format Version 12.00
# Visual Studio Version 16
VisualStudioVersion = 16.0.33214.272
MinimumVisualStudioVersion = 10.0.40219.1
Project("{FAE04EC0-301F-11D3-BF4B-00C04F79EFBC}") = "Mission9_awinder7", "Mission9_awinder7.csproj", "{B77CCC01-B9BE-426C-9AE7-DD10FEF16087}"
EndProject
Global
	GlobalSection(SolutionConfigurationPlatforms) = preSolution
		Debug|Any CPU = Debug|Any CPU
		Release|Any CPU = Release|Any CPU
	EndGlobalSection
	GlobalSection(ProjectConfigurationPlatforms) = postSolution
		{B77CCC01-B9BE-426C-9AE7-DD10FEF16087}.Debug|Any CPU.ActiveCfg = Debug|Any CPU
		{B77CCC01-B9BE-426C-9AE7-DD10FEF16087}.Debug|Any CPU.Build.0 = Debug|Any CPU
		{B77CCC01-B9BE-426C-9AE7-DD10FEF16087}.Release|Any CPU.ActiveCfg = Release|Any CPU
		{B77CCC01-B9BE-426C-9AE7-DD10FEF16087}.Release|Any CPU.Build.0 = Release|Any CPU
	EndGlobalSection
	GlobalSection(SolutionProperties) = preSolution
		HideSolutionNode = FALSE
	EndGlobalSection
	GlobalSection(ExtensibilityGlobals) = postSolution
		SolutionGuid = {FA583DBA-1E3F-4710-8C09-4E9E0EA48B29}
	EndGlobalSection
EndGlobal
